
Microsoft Visual Studio Solution File, Format Version 12.00
Project("{FAE04EC0-301F-11D3-BF4B-00C04F79EFBC}") = "Domain", "Domain\Domain.csproj", "{969D7B3F-A929-4E4C-8A76-BAB34055BC86}"
EndProject
Project("{FAE04EC0-301F-11D3-BF4B-00C04F79EFBC}") = "Application", "Application\Application.csproj", "{D85DF372-0712-42D3-B58B-86FBF114D5FD}"
EndProject
Project("{FAE04EC0-301F-11D3-BF4B-00C04F79EFBC}") = "Web", "Web\Web.csproj", "{C3D853E5-989C-4654-B3F4-072EEDA6B477}"
EndProject
Project("{FAE04EC0-301F-11D3-BF4B-00C04F79EFBC}") = "DataAccess", "DataAccess\DataAccess.csproj", "{9597A1D8-7A98-45CB-90C1-5C09B4560D22}"
EndProject
Global
	GlobalSection(SolutionConfigurationPlatforms) = preSolution
		Debug|Any CPU = Debug|Any CPU
		Release|Any CPU = Release|Any CPU
	EndGlobalSection
	GlobalSection(ProjectConfigurationPlatforms) = postSolution
		{969D7B3F-A929-4E4C-8A76-BAB34055BC86}.Debug|Any CPU.ActiveCfg = Debug|Any CPU
		{969D7B3F-A929-4E4C-8A76-BAB34055BC86}.Debug|Any CPU.Build.0 = Debug|Any CPU
		{969D7B3F-A929-4E4C-8A76-BAB34055BC86}.Release|Any CPU.ActiveCfg = Release|Any CPU
		{969D7B3F-A929-4E4C-8A76-BAB34055BC86}.Release|Any CPU.Build.0 = Release|Any CPU
		{D85DF372-0712-42D3-B58B-86FBF114D5FD}.Debug|Any CPU.ActiveCfg = Debug|Any CPU
		{D85DF372-0712-42D3-B58B-86FBF114D5FD}.Debug|Any CPU.Build.0 = Debug|Any CPU
		{D85DF372-0712-42D3-B58B-86FBF114D5FD}.Release|Any CPU.ActiveCfg = Release|Any CPU
		{D85DF372-0712-42D3-B58B-86FBF114D5FD}.Release|Any CPU.Build.0 = Release|Any CPU
		{C3D853E5-989C-4654-B3F4-072EEDA6B477}.Debug|Any CPU.ActiveCfg = Debug|Any CPU
		{C3D853E5-989C-4654-B3F4-072EEDA6B477}.Debug|Any CPU.Build.0 = Debug|Any CPU
		{C3D853E5-989C-4654-B3F4-072EEDA6B477}.Release|Any CPU.ActiveCfg = Release|Any CPU
		{C3D853E5-989C-4654-B3F4-072EEDA6B477}.Release|Any CPU.Build.0 = Release|Any CPU
		{9597A1D8-7A98-45CB-90C1-5C09B4560D22}.Debug|Any CPU.ActiveCfg = Debug|Any CPU
		{9597A1D8-7A98-45CB-90C1-5C09B4560D22}.Debug|Any CPU.Build.0 = Debug|Any CPU
		{9597A1D8-7A98-45CB-90C1-5C09B4560D22}.Release|Any CPU.ActiveCfg = Release|Any CPU
		{9597A1D8-7A98-45CB-90C1-5C09B4560D22}.Release|Any CPU.Build.0 = Release|Any CPU
	EndGlobalSection
EndGlobal
